{
    "_readme": [
        "This file locks the dependencies of your project to a known state",
        "Read more about it at https://getcomposer.org/doc/01-basic-usage.md#installing-dependencies",
        "This file is @generated automatically"
    ],
    "content-hash": "e1efa8813cae5a1e8a7457c0030fbb53",
    "packages": [
        {
            "name": "svidgen/tg-php",
            "version": "0.1",
            "dist": {
                "type": "path",
                "url": "/home/iambipedal/tg-php",
                "reference": "7fdeb743e3acec07fc04fec245e4c00afeb88400"
            },
            "type": "library",
            "description": "PHP hooks and helpers for building applications quickly."
        }
    ],
    "packages-dev": [],
    "aliases": [],
    "minimum-stability": "stable",
    "stability-flags": [],
    "prefer-stable": false,
    "prefer-lowest": false,
    "platform": [],
    "platform-dev": [],
    "plugin-api-version": "1.1.0"
}
